
Microsoft Visual Studio Solution File, Format Version 12.00
# Visual Studio Version 17
VisualStudioVersion = 17.9.34728.123
MinimumVisualStudioVersion = 10.0.40219.1
Project("{9A19103F-16F7-4668-BE54-9A1E7A4F7556}") = "VIS_KAL0326_PROJEKT", "VIS_KAL0326_PROJEKT\VIS_KAL0326_PROJEKT.csproj", "{D33EF048-17D9-4185-9613-295471C97634}"
EndProject
Project("{9A19103F-16F7-4668-BE54-9A1E7A4F7556}") = "DataAccess", "DataAccess\DataAccess.csproj", "{949AE3B5-213C-44A7-844F-EDDB06245837}"
EndProject
Project("{9A19103F-16F7-4668-BE54-9A1E7A4F7556}") = "Application", "Application\Application.csproj", "{1B2DED7B-B389-40EE-A152-191EDF7B5A09}"
EndProject
Global
	GlobalSection(SolutionConfigurationPlatforms) = preSolution
		Debug|Any CPU = Debug|Any CPU
		Release|Any CPU = Release|Any CPU
	EndGlobalSection
	GlobalSection(ProjectConfigurationPlatforms) = postSolution
		{D33EF048-17D9-4185-9613-295471C97634}.Debug|Any CPU.ActiveCfg = Debug|Any CPU
		{D33EF048-17D9-4185-9613-295471C97634}.Debug|Any CPU.Build.0 = Debug|Any CPU
		{D33EF048-17D9-4185-9613-295471C97634}.Release|Any CPU.ActiveCfg = Release|Any CPU
		{D33EF048-17D9-4185-9613-295471C97634}.Release|Any CPU.Build.0 = Release|Any CPU
		{949AE3B5-213C-44A7-844F-EDDB06245837}.Debug|Any CPU.ActiveCfg = Debug|Any CPU
		{949AE3B5-213C-44A7-844F-EDDB06245837}.Debug|Any CPU.Build.0 = Debug|Any CPU
		{949AE3B5-213C-44A7-844F-EDDB06245837}.Release|Any CPU.ActiveCfg = Release|Any CPU
		{949AE3B5-213C-44A7-844F-EDDB06245837}.Release|Any CPU.Build.0 = Release|Any CPU
		{1B2DED7B-B389-40EE-A152-191EDF7B5A09}.Debug|Any CPU.ActiveCfg = Debug|Any CPU
		{1B2DED7B-B389-40EE-A152-191EDF7B5A09}.Debug|Any CPU.Build.0 = Debug|Any CPU
		{1B2DED7B-B389-40EE-A152-191EDF7B5A09}.Release|Any CPU.ActiveCfg = Release|Any CPU
		{1B2DED7B-B389-40EE-A152-191EDF7B5A09}.Release|Any CPU.Build.0 = Release|Any CPU
	EndGlobalSection
	GlobalSection(SolutionProperties) = preSolution
		HideSolutionNode = FALSE
	EndGlobalSection
	GlobalSection(ExtensibilityGlobals) = postSolution
		SolutionGuid = {2B72D630-2A21-41B3-A23A-79622B30D079}
	EndGlobalSection
EndGlobal
